
Microsoft Visual Studio Solution File, Format Version 12.00
# Visual Studio Version 18
VisualStudioVersion = 18.6.11819.183 stable
MinimumVisualStudioVersion = 10.0.40219.1
Project("{2150E333-8FDC-42A3-9474-1A3956D46DE8}") = "src", "src", "{827E0CD3-B72D-47B6-A68D-7590B98EB39B}"
EndProject
Project("{FAE04EC0-301F-11D3-BF4B-00C04F79EFBC}") = "EShop.AppHost", "src\EShop.AppHost\EShop.AppHost.csproj", "{F628863D-8862-437C-8649-04027FDCC65B}"
EndProject
Project("{FAE04EC0-301F-11D3-BF4B-00C04F79EFBC}") = "EShop.ServiceDefaults", "src\EShop.ServiceDefaults\EShop.ServiceDefaults.csproj", "{31365A90-9699-40B1-A940-0EE54C07280E}"
EndProject
Project("{FAE04EC0-301F-11D3-BF4B-00C04F79EFBC}") = "EShop.Data", "src\EShop.Data\EShop.Data.csproj", "{02067A80-4FF6-4404-87F1-0026BC327176}"
EndProject
Project("{FAE04EC0-301F-11D3-BF4B-00C04F79EFBC}") = "EShop.DbInitializer", "src\EShop.DbInitializer\EShop.DbInitializer.csproj", "{4234BB89-D312-4919-8645-CC82D257CA56}"
EndProject
Project("{FAE04EC0-301F-11D3-BF4B-00C04F79EFBC}") = "EShop.McpServer", "src\EShop.McpServer\EShop.McpServer.csproj", "{BEAC60A2-E537-4EFF-A86B-EBB15FD0AE04}"
EndProject
Project("{FAE04EC0-301F-11D3-BF4B-00C04F79EFBC}") = "EShop.AgenticAI", "src\EShop.AgenticAI\EShop.AgenticAI.csproj", "{316B6908-38DC-40C3-AFB2-155144837C57}"
EndProject
Project("{2150E333-8FDC-42A3-9474-1A3956D46DE8}") = "tests", "tests", "{0AB3BF05-4346-4AA6-1389-037BE0695223}"
EndProject
Project("{FAE04EC0-301F-11D3-BF4B-00C04F79EFBC}") = "EShop.McpServer.Tests", "tests\EShop.McpServer.Tests\EShop.McpServer.Tests.csproj", "{9B6D26CE-492E-410E-B479-DE79AECB86E0}"
EndProject
Project("{2150E333-8FDC-42A3-9474-1A3956D46DE8}") = "SolutionFolder", "SolutionFolder", "{EF5384D7-630F-4E55-AA2B-17633DA04005}"
	ProjectSection(SolutionItems) = preProject
		PLAN.md = PLAN.md
		presentation.md = presentation.md
	EndProjectSection
EndProject
Project("{2150E333-8FDC-42A3-9474-1A3956D46DE8}") = "images", "images", "{B1B1B1B1-1111-4111-8111-111111111111}"
EndProject
Project("{2150E333-8FDC-42A3-9474-1A3956D46DE8}") = "agent-ai", "agent-ai", "{B2B2B2B2-2222-4222-8222-222222222222}"
	ProjectSection(SolutionItems) = preProject
		images\agent-ai\0. agentic-ai.png = images\agent-ai\0. agentic-ai.png
		images\agent-ai\0.1. agent.png = images\agent-ai\0.1. agent.png
		images\agent-ai\2. custom-function-tools.png = images\agent-ai\2. custom-function-tools.png
		images\agent-ai\3. multi-agent-work-flow.png = images\agent-ai\3. multi-agent-work-flow.png
		images\agent-ai\4. multi-agent-work-flow.png = images\agent-ai\4. multi-agent-work-flow.png
		images\agent-ai\a2a-ag-ui.png = images\agent-ai\a2a-ag-ui.png
		images\agent-ai\a2a-agui-mcp.png = images\agent-ai\a2a-agui-mcp.png
		images\agent-ai\a2a-protocol.png = images\agent-ai\a2a-protocol.png
		images\agent-ai\addin context and memory.png = images\agent-ai\addin context and memory.png
		images\agent-ai\ag-ui-protocol.png = images\agent-ai\ag-ui-protocol.png
		images\agent-ai\agent-archestration.png = images\agent-ai\agent-archestration.png
		images\agent-ai\agentic ai  evulution.png = images\agent-ai\agentic ai  evulution.png
		images\agent-ai\agentic-rag work flow.png = images\agent-ai\agentic-rag work flow.png
		images\agent-ai\agentic-work-flow-2.png = images\agent-ai\agentic-work-flow-2.png
		images\agent-ai\agentic-work-flow.png = images\agent-ai\agentic-work-flow.png
		images\agent-ai\human-in-the-loop-2.png = images\agent-ai\human-in-the-loop-2.png
		images\agent-ai\human-in-the-loop.png = images\agent-ai\human-in-the-loop.png
		images\agent-ai\mcp-client-server-host.png = images\agent-ai\mcp-client-server-host.png
		images\agent-ai\mcp-server.jpeg = images\agent-ai\mcp-server.jpeg
		images\agent-ai\memory.png = images\agent-ai\memory.png
		images\agent-ai\microsoft enterprise stack.png = images\agent-ai\microsoft enterprise stack.png
		images\agent-ai\minimul-agent.png = images\agent-ai\minimul-agent.png
		images\agent-ai\qdrant-db.png = images\agent-ai\qdrant-db.png
		images\agent-ai\rag-repository.png = images\agent-ai\rag-repository.png
		images\agent-ai\sork-flow-evolution.png = images\agent-ai\sork-flow-evolution.png
	EndProjectSection
EndProject
Project("{2150E333-8FDC-42A3-9474-1A3956D46DE8}") = "mcp", "mcp", "{B3B3B3B3-3333-4333-8333-333333333333}"
	ProjectSection(SolutionItems) = preProject
		images\mcp\1. before-after-mcp.png = images\mcp\1. before-after-mcp.png
		images\mcp\2. mcp-server-1.png = images\mcp\2. mcp-server-1.png
		images\mcp\3. mcp-tools-resources.png = images\mcp\3. mcp-tools-resources.png
		images\mcp\4. mcp-tools-prompts.png = images\mcp\4. mcp-tools-prompts.png
		images\mcp\5. mcp-multi-server.png = images\mcp\5. mcp-multi-server.png
	EndProjectSection
EndProject
Global
	GlobalSection(SolutionConfigurationPlatforms) = preSolution
		Debug|Any CPU = Debug|Any CPU
		Debug|x64 = Debug|x64
		Debug|x86 = Debug|x86
		Release|Any CPU = Release|Any CPU
		Release|x64 = Release|x64
		Release|x86 = Release|x86
	EndGlobalSection
	GlobalSection(ProjectConfigurationPlatforms) = postSolution
		{F628863D-8862-437C-8649-04027FDCC65B}.Debug|Any CPU.ActiveCfg = Debug|Any CPU
		{F628863D-8862-437C-8649-04027FDCC65B}.Debug|Any CPU.Build.0 = Debug|Any CPU
		{F628863D-8862-437C-8649-04027FDCC65B}.Debug|x64.ActiveCfg = Debug|Any CPU
		{F628863D-8862-437C-8649-04027FDCC65B}.Debug|x64.Build.0 = Debug|Any CPU
		{F628863D-8862-437C-8649-04027FDCC65B}.Debug|x86.ActiveCfg = Debug|Any CPU
		{F628863D-8862-437C-8649-04027FDCC65B}.Debug|x86.Build.0 = Debug|Any CPU
		{F628863D-8862-437C-8649-04027FDCC65B}.Release|Any CPU.ActiveCfg = Release|Any CPU
		{F628863D-8862-437C-8649-04027FDCC65B}.Release|Any CPU.Build.0 = Release|Any CPU
		{F628863D-8862-437C-8649-04027FDCC65B}.Release|x64.ActiveCfg = Release|Any CPU
		{F628863D-8862-437C-8649-04027FDCC65B}.Release|x64.Build.0 = Release|Any CPU
		{F628863D-8862-437C-8649-04027FDCC65B}.Release|x86.ActiveCfg = Release|Any CPU
		{F628863D-8862-437C-8649-04027FDCC65B}.Release|x86.Build.0 = Release|Any CPU
		{31365A90-9699-40B1-A940-0EE54C07280E}.Debug|Any CPU.ActiveCfg = Debug|Any CPU
		{31365A90-9699-40B1-A940-0EE54C07280E}.Debug|Any CPU.Build.0 = Debug|Any CPU
		{31365A90-9699-40B1-A940-0EE54C07280E}.Debug|x64.ActiveCfg = Debug|Any CPU
		{31365A90-9699-40B1-A940-0EE54C07280E}.Debug|x64.Build.0 = Debug|Any CPU
		{31365A90-9699-40B1-A940-0EE54C07280E}.Debug|x86.ActiveCfg = Debug|Any CPU
		{31365A90-9699-40B1-A940-0EE54C07280E}.Debug|x86.Build.0 = Debug|Any CPU
		{31365A90-9699-40B1-A940-0EE54C07280E}.Release|Any CPU.ActiveCfg = Release|Any CPU
		{31365A90-9699-40B1-A940-0EE54C07280E}.Release|Any CPU.Build.0 = Release|Any CPU
		{31365A90-9699-40B1-A940-0EE54C07280E}.Release|x64.ActiveCfg = Release|Any CPU
		{31365A90-9699-40B1-A940-0EE54C07280E}.Release|x64.Build.0 = Release|Any CPU
		{31365A90-9699-40B1-A940-0EE54C07280E}.Release|x86.ActiveCfg = Release|Any CPU
		{31365A90-9699-40B1-A940-0EE54C07280E}.Release|x86.Build.0 = Release|Any CPU
		{02067A80-4FF6-4404-87F1-0026BC327176}.Debug|Any CPU.ActiveCfg = Debug|Any CPU
		{02067A80-4FF6-4404-87F1-0026BC327176}.Debug|Any CPU.Build.0 = Debug|Any CPU
		{02067A80-4FF6-4404-87F1-0026BC327176}.Debug|x64.ActiveCfg = Debug|Any CPU
		{02067A80-4FF6-4404-87F1-0026BC327176}.Debug|x64.Build.0 = Debug|Any CPU
		{02067A80-4FF6-4404-87F1-0026BC327176}.Debug|x86.ActiveCfg = Debug|Any CPU
		{02067A80-4FF6-4404-87F1-0026BC327176}.Debug|x86.Build.0 = Debug|Any CPU
		{02067A80-4FF6-4404-87F1-0026BC327176}.Release|Any CPU.ActiveCfg = Release|Any CPU
		{02067A80-4FF6-4404-87F1-0026BC327176}.Release|Any CPU.Build.0 = Release|Any CPU
		{02067A80-4FF6-4404-87F1-0026BC327176}.Release|x64.ActiveCfg = Release|Any CPU
		{02067A80-4FF6-4404-87F1-0026BC327176}.Release|x64.Build.0 = Release|Any CPU
		{02067A80-4FF6-4404-87F1-0026BC327176}.Release|x86.ActiveCfg = Release|Any CPU
		{02067A80-4FF6-4404-87F1-0026BC327176}.Release|x86.Build.0 = Release|Any CPU
		{4234BB89-D312-4919-8645-CC82D257CA56}.Debug|Any CPU.ActiveCfg = Debug|Any CPU
		{4234BB89-D312-4919-8645-CC82D257CA56}.Debug|Any CPU.Build.0 = Debug|Any CPU
		{4234BB89-D312-4919-8645-CC82D257CA56}.Debug|x64.ActiveCfg = Debug|Any CPU
		{4234BB89-D312-4919-8645-CC82D257CA56}.Debug|x64.Build.0 = Debug|Any CPU
		{4234BB89-D312-4919-8645-CC82D257CA56}.Debug|x86.ActiveCfg = Debug|Any CPU
		{4234BB89-D312-4919-8645-CC82D257CA56}.Debug|x86.Build.0 = Debug|Any CPU
		{4234BB89-D312-4919-8645-CC82D257CA56}.Release|Any CPU.ActiveCfg = Release|Any CPU
		{4234BB89-D312-4919-8645-CC82D257CA56}.Release|Any CPU.Build.0 = Release|Any CPU
		{4234BB89-D312-4919-8645-CC82D257CA56}.Release|x64.ActiveCfg = Release|Any CPU
		{4234BB89-D312-4919-8645-CC82D257CA56}.Release|x64.Build.0 = Release|Any CPU
		{4234BB89-D312-4919-8645-CC82D257CA56}.Release|x86.ActiveCfg = Release|Any CPU
		{4234BB89-D312-4919-8645-CC82D257CA56}.Release|x86.Build.0 = Release|Any CPU
		{BEAC60A2-E537-4EFF-A86B-EBB15FD0AE04}.Debug|Any CPU.ActiveCfg = Debug|Any CPU
		{BEAC60A2-E537-4EFF-A86B-EBB15FD0AE04}.Debug|Any CPU.Build.0 = Debug|Any CPU
		{BEAC60A2-E537-4EFF-A86B-EBB15FD0AE04}.Debug|x64.ActiveCfg = Debug|Any CPU
		{BEAC60A2-E537-4EFF-A86B-EBB15FD0AE04}.Debug|x64.Build.0 = Debug|Any CPU
		{BEAC60A2-E537-4EFF-A86B-EBB15FD0AE04}.Debug|x86.ActiveCfg = Debug|Any CPU
		{BEAC60A2-E537-4EFF-A86B-EBB15FD0AE04}.Debug|x86.Build.0 = Debug|Any CPU
		{BEAC60A2-E537-4EFF-A86B-EBB15FD0AE04}.Release|Any CPU.ActiveCfg = Release|Any CPU
		{BEAC60A2-E537-4EFF-A86B-EBB15FD0AE04}.Release|Any CPU.Build.0 = Release|Any CPU
		{BEAC60A2-E537-4EFF-A86B-EBB15FD0AE04}.Release|x64.ActiveCfg = Release|Any CPU
		{BEAC60A2-E537-4EFF-A86B-EBB15FD0AE04}.Release|x64.Build.0 = Release|Any CPU
		{BEAC60A2-E537-4EFF-A86B-EBB15FD0AE04}.Release|x86.ActiveCfg = Release|Any CPU
		{BEAC60A2-E537-4EFF-A86B-EBB15FD0AE04}.Release|x86.Build.0 = Release|Any CPU
		{316B6908-38DC-40C3-AFB2-155144837C57}.Debug|Any CPU.ActiveCfg = Debug|Any CPU
		{316B6908-38DC-40C3-AFB2-155144837C57}.Debug|Any CPU.Build.0 = Debug|Any CPU
		{316B6908-38DC-40C3-AFB2-155144837C57}.Debug|x64.ActiveCfg = Debug|Any CPU
		{316B6908-38DC-40C3-AFB2-155144837C57}.Debug|x64.Build.0 = Debug|Any CPU
		{316B6908-38DC-40C3-AFB2-155144837C57}.Debug|x86.ActiveCfg = Debug|Any CPU
		{316B6908-38DC-40C3-AFB2-155144837C57}.Debug|x86.Build.0 = Debug|Any CPU
		{316B6908-38DC-40C3-AFB2-155144837C57}.Release|Any CPU.ActiveCfg = Release|Any CPU
		{316B6908-38DC-40C3-AFB2-155144837C57}.Release|Any CPU.Build.0 = Release|Any CPU
		{316B6908-38DC-40C3-AFB2-155144837C57}.Release|x64.ActiveCfg = Release|Any CPU
		{316B6908-38DC-40C3-AFB2-155144837C57}.Release|x64.Build.0 = Release|Any CPU
		{316B6908-38DC-40C3-AFB2-155144837C57}.Release|x86.ActiveCfg = Release|Any CPU
		{316B6908-38DC-40C3-AFB2-155144837C57}.Release|x86.Build.0 = Release|Any CPU
		{9B6D26CE-492E-410E-B479-DE79AECB86E0}.Debug|Any CPU.ActiveCfg = Debug|Any CPU
		{9B6D26CE-492E-410E-B479-DE79AECB86E0}.Debug|Any CPU.Build.0 = Debug|Any CPU
		{9B6D26CE-492E-410E-B479-DE79AECB86E0}.Debug|x64.ActiveCfg = Debug|Any CPU
		{9B6D26CE-492E-410E-B479-DE79AECB86E0}.Debug|x64.Build.0 = Debug|Any CPU
		{9B6D26CE-492E-410E-B479-DE79AECB86E0}.Debug|x86.ActiveCfg = Debug|Any CPU
		{9B6D26CE-492E-410E-B479-DE79AECB86E0}.Debug|x86.Build.0 = Debug|Any CPU
		{9B6D26CE-492E-410E-B479-DE79AECB86E0}.Release|Any CPU.ActiveCfg = Release|Any CPU
		{9B6D26CE-492E-410E-B479-DE79AECB86E0}.Release|Any CPU.Build.0 = Release|Any CPU
		{9B6D26CE-492E-410E-B479-DE79AECB86E0}.Release|x64.ActiveCfg = Release|Any CPU
		{9B6D26CE-492E-410E-B479-DE79AECB86E0}.Release|x64.Build.0 = Release|Any CPU
		{9B6D26CE-492E-410E-B479-DE79AECB86E0}.Release|x86.ActiveCfg = Release|Any CPU
		{9B6D26CE-492E-410E-B479-DE79AECB86E0}.Release|x86.Build.0 = Release|Any CPU
	EndGlobalSection
	GlobalSection(SolutionProperties) = preSolution
		HideSolutionNode = FALSE
	EndGlobalSection
	GlobalSection(NestedProjects) = preSolution
		{F628863D-8862-437C-8649-04027FDCC65B} = {827E0CD3-B72D-47B6-A68D-7590B98EB39B}
		{31365A90-9699-40B1-A940-0EE54C07280E} = {827E0CD3-B72D-47B6-A68D-7590B98EB39B}
		{02067A80-4FF6-4404-87F1-0026BC327176} = {827E0CD3-B72D-47B6-A68D-7590B98EB39B}
		{4234BB89-D312-4919-8645-CC82D257CA56} = {827E0CD3-B72D-47B6-A68D-7590B98EB39B}
		{BEAC60A2-E537-4EFF-A86B-EBB15FD0AE04} = {827E0CD3-B72D-47B6-A68D-7590B98EB39B}
		{316B6908-38DC-40C3-AFB2-155144837C57} = {827E0CD3-B72D-47B6-A68D-7590B98EB39B}
		{9B6D26CE-492E-410E-B479-DE79AECB86E0} = {0AB3BF05-4346-4AA6-1389-037BE0695223}
		{B1B1B1B1-1111-4111-8111-111111111111} = {EF5384D7-630F-4E55-AA2B-17633DA04005}
		{B2B2B2B2-2222-4222-8222-222222222222} = {B1B1B1B1-1111-4111-8111-111111111111}
		{B3B3B3B3-3333-4333-8333-333333333333} = {B1B1B1B1-1111-4111-8111-111111111111}
	EndGlobalSection
EndGlobal
